{
  "name": "psx-opencode-runtime",
  "version": "0.1.0",
  "lockfileVersion": 3,
  "requires": true,
  "packages": {
    "": {
      "name": "psx-opencode-runtime",
      "version": "0.1.0",
      "dependencies": {
        "opencode-windows-x64": "1.18.25"
      }
    },
    "node_modules/opencode-windows-x64": {
      "version": "1.18.25",
      "resolved": "https://registry.npmjs.org/opencode-windows-x64/-/opencode-windows-x64-1.18.25.tgz",
      "integrity": "sha512-xW5wtSxWYbI7DcmQWMlNWIiDBdMJON1vDiEmVWo88R9tT/PaahOhWKgp7FoWDqJKf89jS3ZIzkqnkU3F2dio7A==",
      "cpu": [
        "x64"
      ],
      "os": [
        "win32"
      ]
    }
  }
}
