{
  "name": "psx-opencode-runtime",
  "version": "0.1.0",
  "lockfileVersion": 3,
  "requires": true,
  "packages": {
    "": {
      "name": "psx-opencode-runtime",
      "version": "0.1.0",
      "dependencies": {
        "opencode-windows-x64": "1.18.14"
      }
    },
    "node_modules/opencode-windows-x64": {
      "version": "1.18.14",
      "resolved": "https://registry.npmjs.org/opencode-windows-x64/-/opencode-windows-x64-1.18.14.tgz",
      "integrity": "sha512-hhsDHc4dZcuxSUi4yhGxzrFPdV6fCKNrQVp6nRzxcVstcIyJ3Xl+wKcxw5JagKOgpNFJ4mVoNh9lJ+7hrsKPZA==",
      "cpu": [
        "x64"
      ],
      "os": [
        "win32"
      ]
    }
  }
}
