{
  "name": "psx-opencode-runtime",
  "version": "0.1.0",
  "lockfileVersion": 3,
  "requires": true,
  "packages": {
    "": {
      "name": "psx-opencode-runtime",
      "version": "0.1.0",
      "dependencies": {
        "opencode-windows-x64": "1.18.27"
      }
    },
    "node_modules/opencode-windows-x64": {
      "version": "1.18.27",
      "resolved": "https://registry.npmjs.org/opencode-windows-x64/-/opencode-windows-x64-1.18.27.tgz",
      "integrity": "sha512-lbjyfjb2B0bTI56lw4bI8Aik2VBEmdLokW6xPit5Y89ZJw4o0gvbHabDylnbM06eBHarz/flvR8VE1PfAoxpqg==",
      "cpu": [
        "x64"
      ],
      "os": [
        "win32"
      ]
    }
  }
}
